
Microsoft Visual Studio Solution File, Format Version 12.00
# Visual Studio Version 17
VisualStudioVersion = 17.7.34031.279
MinimumVisualStudioVersion = 10.0.40219.1
Project("{FAE04EC0-301F-11D3-BF4B-00C04F79EFBC}") = "Xapier14.AdventOfCode", "Xapier14.AdventOfCode\Xapier14.AdventOfCode.csproj", "{CF99C8BC-CD7F-4C5B-B334-FE0F87C6C946}"
EndProject
Project("{FAE04EC0-301F-11D3-BF4B-00C04F79EFBC}") = "Xapier14.AdventOfCode.Driver", "Xapier14.AdventOfCode.Driver\Xapier14.AdventOfCode.Driver.csproj", "{CE180F35-BE19-4CC2-983F-6C7518CEA8FA}"
EndProject
Global
	GlobalSection(SolutionConfigurationPlatforms) = preSolution
		Debug|Any CPU = Debug|Any CPU
		Release|Any CPU = Release|Any CPU
	EndGlobalSection
	GlobalSection(ProjectConfigurationPlatforms) = postSolution
		{CF99C8BC-CD7F-4C5B-B334-FE0F87C6C946}.Debug|Any CPU.ActiveCfg = Debug|Any CPU
		{CF99C8BC-CD7F-4C5B-B334-FE0F87C6C946}.Debug|Any CPU.Build.0 = Debug|Any CPU
		{CF99C8BC-CD7F-4C5B-B334-FE0F87C6C946}.Release|Any CPU.ActiveCfg = Release|Any CPU
		{CF99C8BC-CD7F-4C5B-B334-FE0F87C6C946}.Release|Any CPU.Build.0 = Release|Any CPU
		{CE180F35-BE19-4CC2-983F-6C7518CEA8FA}.Debug|Any CPU.ActiveCfg = Debug|Any CPU
		{CE180F35-BE19-4CC2-983F-6C7518CEA8FA}.Debug|Any CPU.Build.0 = Debug|Any CPU
		{CE180F35-BE19-4CC2-983F-6C7518CEA8FA}.Release|Any CPU.ActiveCfg = Release|Any CPU
		{CE180F35-BE19-4CC2-983F-6C7518CEA8FA}.Release|Any CPU.Build.0 = Release|Any CPU
	EndGlobalSection
	GlobalSection(SolutionProperties) = preSolution
		HideSolutionNode = FALSE
	EndGlobalSection
	GlobalSection(ExtensibilityGlobals) = postSolution
		SolutionGuid = {BCC99854-D395-4E2C-BCAD-123EDEDB8A9D}
	EndGlobalSection
EndGlobal
